
Microsoft Visual Studio Solution File, Format Version 12.00
# Visual Studio 15
VisualStudioVersion = 15.0.26730.16
MinimumVisualStudioVersion = 10.0.40219.1
Project("{FAE04EC0-301F-11D3-BF4B-00C04F79EFBC}") = "Builder", "Builder\Builder.csproj", "{8426207C-CDCE-4053-9B59-158A270BBED1}"
EndProject
Global
	GlobalSection(SolutionConfigurationPlatforms) = preSolution
		Debug|Any CPU = Debug|Any CPU
		Release|Any CPU = Release|Any CPU
	EndGlobalSection
	GlobalSection(ProjectConfigurationPlatforms) = postSolution
		{8426207C-CDCE-4053-9B59-158A270BBED1}.Debug|Any CPU.ActiveCfg = Debug|Any CPU
		{8426207C-CDCE-4053-9B59-158A270BBED1}.Debug|Any CPU.Build.0 = Debug|Any CPU
		{8426207C-CDCE-4053-9B59-158A270BBED1}.Release|Any CPU.ActiveCfg = Release|Any CPU
		{8426207C-CDCE-4053-9B59-158A270BBED1}.Release|Any CPU.Build.0 = Release|Any CPU
	EndGlobalSection
	GlobalSection(SolutionProperties) = preSolution
		HideSolutionNode = FALSE
	EndGlobalSection
	GlobalSection(ExtensibilityGlobals) = postSolution
		SolutionGuid = {BB51DC9B-EBB8-4BDE-88BE-F8612A3AC843}
	EndGlobalSection
EndGlobal
